# This file is autogenerated, do not edit; changes may be undone by the next 'dep ensure'.


[[projects]]
  name = "github.com/go-kit/kit"
  packages = ["endpoint","log","ratelimit","transport/http"]
  revision = "4dc7be5d2d12881735283bcab7352178e190fc71"
  version = "v0.6.0"

[[projects]]
  name = "github.com/go-logfmt/logfmt"
  packages = ["."]
  revision = "390ab7935ee28ec6b286364bba9b4dd6410cb3d5"
  version = "v0.3.0"

[[projects]]
  name = "github.com/go-stack/stack"
  packages = ["."]
  revision = "259ab82a6cad3992b4e21ff5cac294ccb06474bc"
  version = "v1.7.0"

[[projects]]
  branch = "master"
  name = "github.com/juju/ratelimit"
  packages = ["."]
  revision = "59fac5042749a5afb9af70e813da1dd5474f0167"

[[projects]]
  branch = "master"
  name = "github.com/kr/logfmt"
  packages = ["."]
  revision = "b84e30acd515aadc4b783ad4ff83aff3299bdfe0"

[[projects]]
  name = "github.com/sirupsen/logrus"
  packages = ["."]
  revision = "d682213848ed68c0a260ca37d6dd5ace8423f5ba"
  version = "v1.0.4"

[[projects]]
  branch = "master"
  name = "golang.org/x/crypto"
  packages = ["ssh/terminal"]
  revision = "5f55bce93ad2c89f411e009659bb1fd83da36e7b"

[[projects]]
  branch = "master"
  name = "golang.org/x/net"
  packages = ["context"]
  revision = "ab555f366c4508dbe0802550b1b20c46c5c18aa0"

[[projects]]
  branch = "master"
  name = "golang.org/x/sys"
  packages = ["unix","windows"]
  revision = "810d7000345868fc619eb81f46307107118f4ae1"

[[projects]]
  branch = "master"
  name = "golang.org/x/time"
  packages = ["rate"]
  revision = "6dc17368e09b0e8634d71cac8168d853e869a0c7"

[solve-meta]
  analyzer-name = "dep"
  analyzer-version = 1
  inputs-digest = "df11ee8cfa2c671475fbcef567b9381a5432f15bf0ee26dfb0b7455535115b56"
  solver-name = "gps-cdcl"
  solver-version = 1
